
Microsoft Visual Studio Solution File, Format Version 12.00
# Visual Studio 14
VisualStudioVersion = 14.0.24720.0
MinimumVisualStudioVersion = 10.0.40219.1
Project("{FAE04EC0-301F-11D3-BF4B-00C04F79EFBC}") = "DemoNotiPushService", "DemoNotiPushService\DemoNotiPushService.csproj", "{209FA716-A7AD-4095-BD70-C8710FC66FA7}"
EndProject
Project("{2150E333-8FDC-42A3-9474-1A3956D46DE8}") = "Servicio movil", "Servicio movil", "{4A599F54-A29D-46FC-A108-BE32FC528DED}"
EndProject
Project("{2150E333-8FDC-42A3-9474-1A3956D46DE8}") = "UWP", "UWP", "{10CC4757-6BDB-4C0F-A829-C66F4393E657}"
EndProject
Project("{2150E333-8FDC-42A3-9474-1A3956D46DE8}") = "Xamarin.Android", "Xamarin.Android", "{FA96CBF4-FDDF-4912-9524-4112B29B5AD7}"
EndProject
Project("{FAE04EC0-301F-11D3-BF4B-00C04F79EFBC}") = "PushUniversalWindows", "PushUniversalWindows\PushUniversalWindows.csproj", "{194F2C40-B2AB-4F94-8C35-F725F963A143}"
EndProject
Project("{FAE04EC0-301F-11D3-BF4B-00C04F79EFBC}") = "PushApp.Core", "PushXamarinAndroid\PushApp.Core\PushApp.Core.csproj", "{F1DD0552-4AFF-4E8A-A603-57821983143D}"
EndProject
Project("{FAE04EC0-301F-11D3-BF4B-00C04F79EFBC}") = "PushApp.Droid", "PushXamarinAndroid\PushApp.Droid\PushApp.Droid.csproj", "{A9232E63-40EF-46FA-95D9-81E2EACE91CB}"
EndProject
Global
	GlobalSection(SolutionConfigurationPlatforms) = preSolution
		Debug|Any CPU = Debug|Any CPU
		Debug|ARM = Debug|ARM
		Debug|x64 = Debug|x64
		Debug|x86 = Debug|x86
		Release|Any CPU = Release|Any CPU
		Release|ARM = Release|ARM
		Release|x64 = Release|x64
		Release|x86 = Release|x86
	EndGlobalSection
	GlobalSection(ProjectConfigurationPlatforms) = postSolution
		{209FA716-A7AD-4095-BD70-C8710FC66FA7}.Debug|Any CPU.ActiveCfg = Debug|Any CPU
		{209FA716-A7AD-4095-BD70-C8710FC66FA7}.Debug|Any CPU.Build.0 = Debug|Any CPU
		{209FA716-A7AD-4095-BD70-C8710FC66FA7}.Debug|ARM.ActiveCfg = Debug|Any CPU
		{209FA716-A7AD-4095-BD70-C8710FC66FA7}.Debug|ARM.Build.0 = Debug|Any CPU
		{209FA716-A7AD-4095-BD70-C8710FC66FA7}.Debug|x64.ActiveCfg = Debug|Any CPU
		{209FA716-A7AD-4095-BD70-C8710FC66FA7}.Debug|x64.Build.0 = Debug|Any CPU
		{209FA716-A7AD-4095-BD70-C8710FC66FA7}.Debug|x86.ActiveCfg = Debug|Any CPU
		{209FA716-A7AD-4095-BD70-C8710FC66FA7}.Debug|x86.Build.0 = Debug|Any CPU
		{209FA716-A7AD-4095-BD70-C8710FC66FA7}.Release|Any CPU.ActiveCfg = Release|Any CPU
		{209FA716-A7AD-4095-BD70-C8710FC66FA7}.Release|Any CPU.Build.0 = Release|Any CPU
		{209FA716-A7AD-4095-BD70-C8710FC66FA7}.Release|ARM.ActiveCfg = Release|Any CPU
		{209FA716-A7AD-4095-BD70-C8710FC66FA7}.Release|ARM.Build.0 = Release|Any CPU
		{209FA716-A7AD-4095-BD70-C8710FC66FA7}.Release|x64.ActiveCfg = Release|Any CPU
		{209FA716-A7AD-4095-BD70-C8710FC66FA7}.Release|x64.Build.0 = Release|Any CPU
		{209FA716-A7AD-4095-BD70-C8710FC66FA7}.Release|x86.ActiveCfg = Release|Any CPU
		{209FA716-A7AD-4095-BD70-C8710FC66FA7}.Release|x86.Build.0 = Release|Any CPU
		{194F2C40-B2AB-4F94-8C35-F725F963A143}.Debug|Any CPU.ActiveCfg = Debug|x86
		{194F2C40-B2AB-4F94-8C35-F725F963A143}.Debug|ARM.ActiveCfg = Debug|ARM
		{194F2C40-B2AB-4F94-8C35-F725F963A143}.Debug|ARM.Build.0 = Debug|ARM
		{194F2C40-B2AB-4F94-8C35-F725F963A143}.Debug|ARM.Deploy.0 = Debug|ARM
		{194F2C40-B2AB-4F94-8C35-F725F963A143}.Debug|x64.ActiveCfg = Debug|x64
		{194F2C40-B2AB-4F94-8C35-F725F963A143}.Debug|x64.Build.0 = Debug|x64
		{194F2C40-B2AB-4F94-8C35-F725F963A143}.Debug|x64.Deploy.0 = Debug|x64
		{194F2C40-B2AB-4F94-8C35-F725F963A143}.Debug|x86.ActiveCfg = Debug|x86
		{194F2C40-B2AB-4F94-8C35-F725F963A143}.Debug|x86.Build.0 = Debug|x86
		{194F2C40-B2AB-4F94-8C35-F725F963A143}.Debug|x86.Deploy.0 = Debug|x86
		{194F2C40-B2AB-4F94-8C35-F725F963A143}.Release|Any CPU.ActiveCfg = Release|x86
		{194F2C40-B2AB-4F94-8C35-F725F963A143}.Release|ARM.ActiveCfg = Release|ARM
		{194F2C40-B2AB-4F94-8C35-F725F963A143}.Release|ARM.Build.0 = Release|ARM
		{194F2C40-B2AB-4F94-8C35-F725F963A143}.Release|ARM.Deploy.0 = Release|ARM
		{194F2C40-B2AB-4F94-8C35-F725F963A143}.Release|x64.ActiveCfg = Release|x64
		{194F2C40-B2AB-4F94-8C35-F725F963A143}.Release|x64.Build.0 = Release|x64
		{194F2C40-B2AB-4F94-8C35-F725F963A143}.Release|x64.Deploy.0 = Release|x64
		{194F2C40-B2AB-4F94-8C35-F725F963A143}.Release|x86.ActiveCfg = Release|x86
		{194F2C40-B2AB-4F94-8C35-F725F963A143}.Release|x86.Build.0 = Release|x86
		{194F2C40-B2AB-4F94-8C35-F725F963A143}.Release|x86.Deploy.0 = Release|x86
		{F1DD0552-4AFF-4E8A-A603-57821983143D}.Debug|Any CPU.ActiveCfg = Debug|Any CPU
		{F1DD0552-4AFF-4E8A-A603-57821983143D}.Debug|Any CPU.Build.0 = Debug|Any CPU
		{F1DD0552-4AFF-4E8A-A603-57821983143D}.Debug|ARM.ActiveCfg = Debug|Any CPU
		{F1DD0552-4AFF-4E8A-A603-57821983143D}.Debug|ARM.Build.0 = Debug|Any CPU
		{F1DD0552-4AFF-4E8A-A603-57821983143D}.Debug|x64.ActiveCfg = Debug|Any CPU
		{F1DD0552-4AFF-4E8A-A603-57821983143D}.Debug|x64.Build.0 = Debug|Any CPU
		{F1DD0552-4AFF-4E8A-A603-57821983143D}.Debug|x86.ActiveCfg = Debug|Any CPU
		{F1DD0552-4AFF-4E8A-A603-57821983143D}.Debug|x86.Build.0 = Debug|Any CPU
		{F1DD0552-4AFF-4E8A-A603-57821983143D}.Release|Any CPU.ActiveCfg = Release|Any CPU
		{F1DD0552-4AFF-4E8A-A603-57821983143D}.Release|Any CPU.Build.0 = Release|Any CPU
		{F1DD0552-4AFF-4E8A-A603-57821983143D}.Release|ARM.ActiveCfg = Release|Any CPU
		{F1DD0552-4AFF-4E8A-A603-57821983143D}.Release|ARM.Build.0 = Release|Any CPU
		{F1DD0552-4AFF-4E8A-A603-57821983143D}.Release|x64.ActiveCfg = Release|Any CPU
		{F1DD0552-4AFF-4E8A-A603-57821983143D}.Release|x64.Build.0 = Release|Any CPU
		{F1DD0552-4AFF-4E8A-A603-57821983143D}.Release|x86.ActiveCfg = Release|Any CPU
		{F1DD0552-4AFF-4E8A-A603-57821983143D}.Release|x86.Build.0 = Release|Any CPU
		{A9232E63-40EF-46FA-95D9-81E2EACE91CB}.Debug|Any CPU.ActiveCfg = Debug|Any CPU
		{A9232E63-40EF-46FA-95D9-81E2EACE91CB}.Debug|Any CPU.Build.0 = Debug|Any CPU
		{A9232E63-40EF-46FA-95D9-81E2EACE91CB}.Debug|Any CPU.Deploy.0 = Debug|Any CPU
		{A9232E63-40EF-46FA-95D9-81E2EACE91CB}.Debug|ARM.ActiveCfg = Debug|Any CPU
		{A9232E63-40EF-46FA-95D9-81E2EACE91CB}.Debug|ARM.Build.0 = Debug|Any CPU
		{A9232E63-40EF-46FA-95D9-81E2EACE91CB}.Debug|ARM.Deploy.0 = Debug|Any CPU
		{A9232E63-40EF-46FA-95D9-81E2EACE91CB}.Debug|x64.ActiveCfg = Debug|Any CPU
		{A9232E63-40EF-46FA-95D9-81E2EACE91CB}.Debug|x64.Build.0 = Debug|Any CPU
		{A9232E63-40EF-46FA-95D9-81E2EACE91CB}.Debug|x64.Deploy.0 = Debug|Any CPU
		{A9232E63-40EF-46FA-95D9-81E2EACE91CB}.Debug|x86.ActiveCfg = Debug|Any CPU
		{A9232E63-40EF-46FA-95D9-81E2EACE91CB}.Debug|x86.Build.0 = Debug|Any CPU
		{A9232E63-40EF-46FA-95D9-81E2EACE91CB}.Debug|x86.Deploy.0 = Debug|Any CPU
		{A9232E63-40EF-46FA-95D9-81E2EACE91CB}.Release|Any CPU.ActiveCfg = Release|Any CPU
		{A9232E63-40EF-46FA-95D9-81E2EACE91CB}.Release|Any CPU.Build.0 = Release|Any CPU
		{A9232E63-40EF-46FA-95D9-81E2EACE91CB}.Release|Any CPU.Deploy.0 = Release|Any CPU
		{A9232E63-40EF-46FA-95D9-81E2EACE91CB}.Release|ARM.ActiveCfg = Release|Any CPU
		{A9232E63-40EF-46FA-95D9-81E2EACE91CB}.Release|ARM.Build.0 = Release|Any CPU
		{A9232E63-40EF-46FA-95D9-81E2EACE91CB}.Release|ARM.Deploy.0 = Release|Any CPU
		{A9232E63-40EF-46FA-95D9-81E2EACE91CB}.Release|x64.ActiveCfg = Release|Any CPU
		{A9232E63-40EF-46FA-95D9-81E2EACE91CB}.Release|x64.Build.0 = Release|Any CPU
		{A9232E63-40EF-46FA-95D9-81E2EACE91CB}.Release|x64.Deploy.0 = Release|Any CPU
		{A9232E63-40EF-46FA-95D9-81E2EACE91CB}.Release|x86.ActiveCfg = Release|Any CPU
		{A9232E63-40EF-46FA-95D9-81E2EACE91CB}.Release|x86.Build.0 = Release|Any CPU
		{A9232E63-40EF-46FA-95D9-81E2EACE91CB}.Release|x86.Deploy.0 = Release|Any CPU
	EndGlobalSection
	GlobalSection(SolutionProperties) = preSolution
		HideSolutionNode = FALSE
	EndGlobalSection
	GlobalSection(NestedProjects) = preSolution
		{209FA716-A7AD-4095-BD70-C8710FC66FA7} = {4A599F54-A29D-46FC-A108-BE32FC528DED}
		{194F2C40-B2AB-4F94-8C35-F725F963A143} = {10CC4757-6BDB-4C0F-A829-C66F4393E657}
		{F1DD0552-4AFF-4E8A-A603-57821983143D} = {FA96CBF4-FDDF-4912-9524-4112B29B5AD7}
		{A9232E63-40EF-46FA-95D9-81E2EACE91CB} = {FA96CBF4-FDDF-4912-9524-4112B29B5AD7}
	EndGlobalSection
EndGlobal
